// !$*UTF8*$!
{
	archiveVersion = 1;
	classes = {
	};
	objectVersion = 77;
	objects = {

/* Begin PBXContainerItemProxy section */
		1EBB551F2D2643F500CC2736 /* PBXContainerItemProxy */ = {
			isa = PBXContainerItemProxy;
			containerPortal = 1EBB55052D2643F300CC2736 /* Project object */;
			proxyType = 1;
			remoteGlobalIDString = 1EBB550C2D2643F300CC2736;
			remoteInfo = SwiftUiMultiplatformBaseProject;
		};
		1EBB55292D2643F500CC2736 /* PBXContainerItemProxy */ = {
			isa = PBXContainerItemProxy;
			containerPortal = 1EBB55052D2643F300CC2736 /* Project object */;
			proxyType = 1;
			remoteGlobalIDString = 1EBB550C2D2643F300CC2736;
			remoteInfo = SwiftUiMultiplatformBaseProject;
		};
/* End PBXContainerItemProxy section */

/* Begin PBXFileReference section */
		1EBB550D2D2643F300CC2736 /* SwiftUiMultiplatformBaseProject.app */ = {isa = PBXFileReference; explicitFileType = wrapper.application; includeInIndex = 0; path = SwiftUiMultiplatformBaseProject.app; sourceTree = BUILT_PRODUCTS_DIR; };
		1EBB551E2D2643F500CC2736 /* SwiftUiMultiplatformBaseProjectTests.xctest */ = {isa = PBXFileReference; explicitFileType = wrapper.cfbundle; includeInIndex = 0; path = SwiftUiMultiplatformBaseProjectTests.xctest; sourceTree = BUILT_PRODUCTS_DIR; };
		1EBB55282D2643F500CC2736 /* SwiftUiMultiplatformBaseProjectUITests.xctest */ = {isa = PBXFileReference; explicitFileType = wrapper.cfbundle; includeInIndex = 0; path = SwiftUiMultiplatformBaseProjectUITests.xctest; sourceTree = BUILT_PRODUCTS_DIR; };
/* End PBXFileReference section */

/* Begin PBXFileSystemSynchronizedRootGroup section */
		1EBB550F2D2643F300CC2736 /* SwiftUiMultiplatformBaseProject */ = {
			isa = PBXFileSystemSynchronizedRootGroup;
			path = SwiftUiMultiplatformBaseProject;
			sourceTree = "<group>";
		};
		1EBB55212D2643F500CC2736 /* SwiftUiMultiplatformBaseProjectTests */ = {
			isa = PBXFileSystemSynchronizedRootGroup;
			path = SwiftUiMultiplatformBaseProjectTests;
			sourceTree = "<group>";
		};
		1EBB552B2D2643F500CC2736 /* SwiftUiMultiplatformBaseProjectUITests */ = {
			isa = PBXFileSystemSynchronizedRootGroup;
			path = SwiftUiMultiplatformBaseProjectUITests;
			sourceTree = "<group>";
		};
/* End PBXFileSystemSynchronizedRootGroup section */

/* Begin PBXFrameworksBuildPhase section */
		1EBB550A2D2643F300CC2736 /* Frameworks */ = {
			isa = PBXFrameworksBuildPhase;
			buildActionMask = 2147483647;
			files = (
			);
			runOnlyForDeploymentPostprocessing = 0;
		};
		1EBB551B2D2643F500CC2736 /* Frameworks */ = {
			isa = PBXFrameworksBuildPhase;
			buildActionMask = 2147483647;
			files = (
			);
			runOnlyForDeploymentPostprocessing = 0;
		};
		1EBB55252D2643F500CC2736 /* Frameworks */ = {
			isa = PBXFrameworksBuildPhase;
			buildActionMask = 2147483647;
			files = (
			);
			runOnlyForDeploymentPostprocessing = 0;
		};
/* End PBXFrameworksBuildPhase section */

/* Begin PBXGroup section */
		1EBB55042D2643F300CC2736 = {
			isa = PBXGroup;
			children = (
				1EBB550F2D2643F300CC2736 /* SwiftUiMultiplatformBaseProject */,
				1EBB55212D2643F500CC2736 /* SwiftUiMultiplatformBaseProjectTests */,
				1EBB552B2D2643F500CC2736 /* SwiftUiMultiplatformBaseProjectUITests */,
				1EBB550E2D2643F300CC2736 /* Products */,
			);
			sourceTree = "<group>";
		};
		1EBB550E2D2643F300CC2736 /* Products */ = {
			isa = PBXGroup;
			children = (
				1EBB550D2D2643F300CC2736 /* SwiftUiMultiplatformBaseProject.app */,
				1EBB551E2D2643F500CC2736 /* SwiftUiMultiplatformBaseProjectTests.xctest */,
				1EBB55282D2643F500CC2736 /* SwiftUiMultiplatformBaseProjectUITests.xctest */,
			);
			name = Products;
			sourceTree = "<group>";
		};
/* End PBXGroup section */

/* Begin PBXNativeTarget section */
		1EBB550C2D2643F300CC2736 /* SwiftUiMultiplatformBaseProject */ = {
			isa = PBXNativeTarget;
			buildConfigurationList = 1EBB55322D2643F500CC2736 /* Build configuration list for PBXNativeTarget "SwiftUiMultiplatformBaseProject" */;
			buildPhases = (
				1EBB55092D2643F300CC2736 /* Sources */,
				1EBB550A2D2643F300CC2736 /* Frameworks */,
				1EBB550B2D2643F300CC2736 /* Resources */,
			);
			buildRules = (
			);
			dependencies = (
			);
			fileSystemSynchronizedGroups = (
				1EBB550F2D2643F300CC2736 /* SwiftUiMultiplatformBaseProject */,
			);
			name = SwiftUiMultiplatformBaseProject;
			packageProductDependencies = (
			);
			productName = SwiftUiMultiplatformBaseProject;
			productReference = 1EBB550D2D2643F300CC2736 /* SwiftUiMultiplatformBaseProject.app */;
			productType = "com.apple.product-type.application";
		};
		1EBB551D2D2643F500CC2736 /* SwiftUiMultiplatformBaseProjectTests */ = {
			isa = PBXNativeTarget;
			buildConfigurationList = 1EBB55352D2643F500CC2736 /* Build configuration list for PBXNativeTarget "SwiftUiMultiplatformBaseProjectTests" */;
			buildPhases = (
				1EBB551A2D2643F500CC2736 /* Sources */,
				1EBB551B2D2643F500CC2736 /* Frameworks */,
				1EBB551C2D2643F500CC2736 /* Resources */,
			);
			buildRules = (
			);
			dependencies = (
				1EBB55202D2643F500CC2736 /* PBXTargetDependency */,
			);
			fileSystemSynchronizedGroups = (
				1EBB55212D2643F500CC2736 /* SwiftUiMultiplatformBaseProjectTests */,
			);
			name = SwiftUiMultiplatformBaseProjectTests;
			packageProductDependencies = (
			);
			productName = SwiftUiMultiplatformBaseProjectTests;
			productReference = 1EBB551E2D2643F500CC2736 /* SwiftUiMultiplatformBaseProjectTests.xctest */;
			productType = "com.apple.product-type.bundle.unit-test";
		};
		1EBB55272D2643F500CC2736 /* SwiftUiMultiplatformBaseProjectUITests */ = {
			isa = PBXNativeTarget;
			buildConfigurationList = 1EBB55382D2643F500CC2736 /* Build configuration list for PBXNativeTarget "SwiftUiMultiplatformBaseProjectUITests" */;
			buildPhases = (
				1EBB55242D2643F500CC2736 /* Sources */,
				1EBB55252D2643F500CC2736 /* Frameworks */,
				1EBB55262D2643F500CC2736 /* Resources */,
			);
			buildRules = (
			);
			dependencies = (
				1EBB552A2D2643F500CC2736 /* PBXTargetDependency */,
			);
			fileSystemSynchronizedGroups = (
				1EBB552B2D2643F500CC2736 /* SwiftUiMultiplatformBaseProjectUITests */,
			);
			name = SwiftUiMultiplatformBaseProjectUITests;
			packageProductDependencies = (
			);
			productName = SwiftUiMultiplatformBaseProjectUITests;
			productReference = 1EBB55282D2643F500CC2736 /* SwiftUiMultiplatformBaseProjectUITests.xctest */;
			productType = "com.apple.product-type.bundle.ui-testing";
		};
/* End PBXNativeTarget section */

/* Begin PBXProject section */
		1EBB55052D2643F300CC2736 /* Project object */ = {
			isa = PBXProject;
			attributes = {
				BuildIndependentTargetsInParallel = 1;
				LastSwiftUpdateCheck = 1620;
				LastUpgradeCheck = 1620;
				TargetAttributes = {
					1EBB550C2D2643F300CC2736 = {
						CreatedOnToolsVersion = 16.2;
					};
					1EBB551D2D2643F500CC2736 = {
						CreatedOnToolsVersion = 16.2;
						TestTargetID = 1EBB550C2D2643F300CC2736;
					};
					1EBB55272D2643F500CC2736 = {
						CreatedOnToolsVersion = 16.2;
						TestTargetID = 1EBB550C2D2643F300CC2736;
					};
				};
			};
			buildConfigurationList = 1EBB55082D2643F300CC2736 /* Build configuration list for PBXProject "SwiftUiMultiplatformBaseProject" */;
			developmentRegion = en;
			hasScannedForEncodings = 0;
			knownRegions = (
				en,
				Base,
			);
			mainGroup = 1EBB55042D2643F300CC2736;
			minimizedProjectReferenceProxies = 1;
			preferredProjectObjectVersion = 77;
			productRefGroup = 1EBB550E2D2643F300CC2736 /* Products */;
			projectDirPath = "";
			projectRoot = "";
			targets = (
				1EBB550C2D2643F300CC2736 /* SwiftUiMultiplatformBaseProject */,
				1EBB551D2D2643F500CC2736 /* SwiftUiMultiplatformBaseProjectTests */,
				1EBB55272D2643F500CC2736 /* SwiftUiMultiplatformBaseProjectUITests */,
			);
		};
/* End PBXProject section */

/* Begin PBXResourcesBuildPhase section */
		1EBB550B2D2643F300CC2736 /* Resources */ = {
			isa = PBXResourcesBuildPhase;
			buildActionMask = 2147483647;
			files = (
			);
			runOnlyForDeploymentPostprocessing = 0;
		};
		1EBB551C2D2643F500CC2736 /* Resources */ = {
			isa = PBXResourcesBuildPhase;
			buildActionMask = 2147483647;
			files = (
			);
			runOnlyForDeploymentPostprocessing = 0;
		};
		1EBB55262D2643F500CC2736 /* Resources */ = {
			isa = PBXResourcesBuildPhase;
			buildActionMask = 2147483647;
			files = (
			);
			runOnlyForDeploymentPostprocessing = 0;
		};
/* End PBXResourcesBuildPhase section */

/* Begin PBXSourcesBuildPhase section */
		1EBB55092D2643F300CC2736 /* Sources */ = {
			isa = PBXSourcesBuildPhase;
			buildActionMask = 2147483647;
			files = (
			);
			runOnlyForDeploymentPostprocessing = 0;
		};
		1EBB551A2D2643F500CC2736 /* Sources */ = {
			isa = PBXSourcesBuildPhase;
			buildActionMask = 2147483647;
			files = (
			);
			runOnlyForDeploymentPostprocessing = 0;
		};
		1EBB55242D2643F500CC2736 /* Sources */ = {
			isa = PBXSourcesBuildPhase;
			buildActionMask = 2147483647;
			files = (
			);
			runOnlyForDeploymentPostprocessing = 0;
		};
/* End PBXSourcesBuildPhase section */

/* Begin PBXTargetDependency section */
		1EBB55202D2643F500CC2736 /* PBXTargetDependency */ = {
			isa = PBXTargetDependency;
			target = 1EBB550C2D2643F300CC2736 /* SwiftUiMultiplatformBaseProject */;
			targetProxy = 1EBB551F2D2643F500CC2736 /* PBXContainerItemProxy */;
		};
		1EBB552A2D2643F500CC2736 /* PBXTargetDependency */ = {
			isa = PBXTargetDependency;
			target = 1EBB550C2D2643F300CC2736 /* SwiftUiMultiplatformBaseProject */;
			targetProxy = 1EBB55292D2643F500CC2736 /* PBXContainerItemProxy */;
		};
/* End PBXTargetDependency section */

/* Begin XCBuildConfiguration section */
		1EBB55302D2643F500CC2736 /* Debug */ = {
			isa = XCBuildConfiguration;
			buildSettings = {
				ALWAYS_SEARCH_USER_PATHS = NO;
				ASSETCATALOG_COMPILER_GENERATE_SWIFT_ASSET_SYMBOL_EXTENSIONS = YES;
				CLANG_ANALYZER_NONNULL = YES;
				CLANG_ANALYZER_NUMBER_OBJECT_CONVERSION = YES_AGGRESSIVE;
				CLANG_CXX_LANGUAGE_STANDARD = "gnu++20";
				CLANG_ENABLE_MODULES = YES;
				CLANG_ENABLE_OBJC_ARC = YES;
				CLANG_ENABLE_OBJC_WEAK = YES;
				CLANG_WARN_BLOCK_CAPTURE_AUTORELEASING = YES;
				CLANG_WARN_BOOL_CONVERSION = YES;
				CLANG_WARN_COMMA = YES;
				CLANG_WARN_CONSTANT_CONVERSION = YES;
				CLANG_WARN_DEPRECATED_OBJC_IMPLEMENTATIONS = YES;
				CLANG_WARN_DIRECT_OBJC_ISA_USAGE = YES_ERROR;
				CLANG_WARN_DOCUMENTATION_COMMENTS = YES;
				CLANG_WARN_EMPTY_BODY = YES;
				CLANG_WARN_ENUM_CONVERSION = YES;
				CLANG_WARN_INFINITE_RECURSION = YES;
				CLANG_WARN_INT_CONVERSION = YES;
				CLANG_WARN_NON_LITERAL_NULL_CONVERSION = YES;
				CLANG_WARN_OBJC_IMPLICIT_RETAIN_SELF = YES;
				CLANG_WARN_OBJC_LITERAL_CONVERSION = YES;
				CLANG_WARN_OBJC_ROOT_CLASS = YES_ERROR;
				CLANG_WARN_QUOTED_INCLUDE_IN_FRAMEWORK_HEADER = YES;
				CLANG_WARN_RANGE_LOOP_ANALYSIS = YES;
				CLANG_WARN_STRICT_PROTOTYPES = YES;
				CLANG_WARN_SUSPICIOUS_MOVE = YES;
				CLANG_WARN_UNGUARDED_AVAILABILITY = YES_AGGRESSIVE;
				CLANG_WARN_UNREACHABLE_CODE = YES;
				CLANG_WARN__DUPLICATE_METHOD_MATCH = YES;
				COPY_PHASE_STRIP = NO;
				DEBUG_INFORMATION_FORMAT = dwarf;
				ENABLE_STRICT_OBJC_MSGSEND = YES;
				ENABLE_TESTABILITY = YES;
				ENABLE_USER_SCRIPT_SANDBOXING = YES;
				GCC_C_LANGUAGE_STANDARD = gnu17;
				GCC_DYNAMIC_NO_PIC = NO;
				GCC_NO_COMMON_BLOCKS = YES;
				GCC_OPTIMIZATION_LEVEL = 0;
				GCC_PREPROCESSOR_DEFINITIONS = (
					"DEBUG=1",
					"$(inherited)",
				);
				GCC_WARN_64_TO_32_BIT_CONVERSION = YES;
				GCC_WARN_ABOUT_RETURN_TYPE = YES_ERROR;
				GCC_WARN_UNDECLARED_SELECTOR = YES;
				GCC_WARN_UNINITIALIZED_AUTOS = YES_AGGRESSIVE;
				GCC_WARN_UNUSED_FUNCTION = YES;
				GCC_WARN_UNUSED_VARIABLE = YES;
				LOCALIZATION_PREFERS_STRING_CATALOGS = YES;
				MTL_ENABLE_DEBUG_INFO = INCLUDE_SOURCE;
				MTL_FAST_MATH = YES;
				ONLY_ACTIVE_ARCH = YES;
				SWIFT_ACTIVE_COMPILATION_CONDITIONS = "DEBUG $(inherited)";
				SWIFT_OPTIMIZATION_LEVEL = "-Onone";
			};
			name = Debug;
		};
		1EBB55312D2643F500CC2736 /* Release */ = {
			isa = XCBuildConfiguration;
			buildSettings = {
				ALWAYS_SEARCH_USER_PATHS = NO;
				ASSETCATALOG_COMPILER_GENERATE_SWIFT_ASSET_SYMBOL_EXTENSIONS = YES;
				CLANG_ANALYZER_NONNULL = YES;
				CLANG_ANALYZER_NUMBER_OBJECT_CONVERSION = YES_AGGRESSIVE;
				CLANG_CXX_LANGUAGE_STANDARD = "gnu++20";
				CLANG_ENABLE_MODULES = YES;
				CLANG_ENABLE_OBJC_ARC = YES;
				CLANG_ENABLE_OBJC_WEAK = YES;
				CLANG_WARN_BLOCK_CAPTURE_AUTORELEASING = YES;
				CLANG_WARN_BOOL_CONVERSION = YES;
				CLANG_WARN_COMMA = YES;
				CLANG_WARN_CONSTANT_CONVERSION = YES;
				CLANG_WARN_DEPRECATED_OBJC_IMPLEMENTATIONS = YES;
				CLANG_WARN_DIRECT_OBJC_ISA_USAGE = YES_ERROR;
				CLANG_WARN_DOCUMENTATION_COMMENTS = YES;
				CLANG_WARN_EMPTY_BODY = YES;
				CLANG_WARN_ENUM_CONVERSION = YES;
				CLANG_WARN_INFINITE_RECURSION = YES;
				CLANG_WARN_INT_CONVERSION = YES;
				CLANG_WARN_NON_LITERAL_NULL_CONVERSION = YES;
				CLANG_WARN_OBJC_IMPLICIT_RETAIN_SELF = YES;
				CLANG_WARN_OBJC_LITERAL_CONVERSION = YES;
				CLANG_WARN_OBJC_ROOT_CLASS = YES_ERROR;
				CLANG_WARN_QUOTED_INCLUDE_IN_FRAMEWORK_HEADER = YES;
				CLANG_WARN_RANGE_LOOP_ANALYSIS = YES;
				CLANG_WARN_STRICT_PROTOTYPES = YES;
				CLANG_WARN_SUSPICIOUS_MOVE = YES;
				CLANG_WARN_UNGUARDED_AVAILABILITY = YES_AGGRESSIVE;
				CLANG_WARN_UNREACHABLE_CODE = YES;
				CLANG_WARN__DUPLICATE_METHOD_MATCH = YES;
				COPY_PHASE_STRIP = NO;
				DEBUG_INFORMATION_FORMAT = "dwarf-with-dsym";
				ENABLE_NS_ASSERTIONS = NO;
				ENABLE_STRICT_OBJC_MSGSEND = YES;
				ENABLE_USER_SCRIPT_SANDBOXING = YES;
				GCC_C_LANGUAGE_STANDARD = gnu17;
				GCC_NO_COMMON_BLOCKS = YES;
				GCC_WARN_64_TO_32_BIT_CONVERSION = YES;
				GCC_WARN_ABOUT_RETURN_TYPE = YES_ERROR;
				GCC_WARN_UNDECLARED_SELECTOR = YES;
				GCC_WARN_UNINITIALIZED_AUTOS = YES_AGGRESSIVE;
				GCC_WARN_UNUSED_FUNCTION = YES;
				GCC_WARN_UNUSED_VARIABLE = YES;
				LOCALIZATION_PREFERS_STRING_CATALOGS = YES;
				MTL_ENABLE_DEBUG_INFO = NO;
				MTL_FAST_MATH = YES;
				SWIFT_COMPILATION_MODE = wholemodule;
			};
			name = Release;
		};
		1EBB55332D2643F500CC2736 /* Debug */ = {
			isa = XCBuildConfiguration;
			buildSettings = {
				ASSETCATALOG_COMPILER_APPICON_NAME = AppIcon;
				ASSETCATALOG_COMPILER_GLOBAL_ACCENT_COLOR_NAME = AccentColor;
				CODE_SIGN_ENTITLEMENTS = SwiftUiMultiplatformBaseProject/SwiftUiMultiplatformBaseProject.entitlements;
				CODE_SIGN_STYLE = Automatic;
				CURRENT_PROJECT_VERSION = 1;
				DEVELOPMENT_ASSET_PATHS = "\"SwiftUiMultiplatformBaseProject/Preview Content\"";
				DEVELOPMENT_TEAM = 667WCL23QV;
				ENABLE_HARDENED_RUNTIME = YES;
				ENABLE_PREVIEWS = YES;
				GENERATE_INFOPLIST_FILE = YES;
				"INFOPLIST_KEY_UIApplicationSceneManifest_Generation[sdk=iphoneos*]" = YES;
				"INFOPLIST_KEY_UIApplicationSceneManifest_Generation[sdk=iphonesimulator*]" = YES;
				"INFOPLIST_KEY_UIApplicationSupportsIndirectInputEvents[sdk=iphoneos*]" = YES;
				"INFOPLIST_KEY_UIApplicationSupportsIndirectInputEvents[sdk=iphonesimulator*]" = YES;
				"INFOPLIST_KEY_UILaunchScreen_Generation[sdk=iphoneos*]" = YES;
				"INFOPLIST_KEY_UILaunchScreen_Generation[sdk=iphonesimulator*]" = YES;
				"INFOPLIST_KEY_UIStatusBarStyle[sdk=iphoneos*]" = UIStatusBarStyleDefault;
				"INFOPLIST_KEY_UIStatusBarStyle[sdk=iphonesimulator*]" = UIStatusBarStyleDefault;
				INFOPLIST_KEY_UISupportedInterfaceOrientations_iPad = "UIInterfaceOrientationPortrait UIInterfaceOrientationPortraitUpsideDown UIInterfaceOrientationLandscapeLeft UIInterfaceOrientationLandscapeRight";
				INFOPLIST_KEY_UISupportedInterfaceOrientations_iPhone = "UIInterfaceOrientationPortrait UIInterfaceOrientationLandscapeLeft UIInterfaceOrientationLandscapeRight";
				IPHONEOS_DEPLOYMENT_TARGET = 15.6;
				LD_RUNPATH_SEARCH_PATHS = "@executable_path/Frameworks";
				"LD_RUNPATH_SEARCH_PATHS[sdk=macosx*]" = "@executable_path/../Frameworks";
				MACOSX_DEPLOYMENT_TARGET = 12.4;
				MARKETING_VERSION = 1.0;
				PRODUCT_BUNDLE_IDENTIFIER = com.by.SwiftUiMultiplatformBaseProject;
				PRODUCT_NAME = "$(TARGET_NAME)";
				SDKROOT = auto;
				SUPPORTED_PLATFORMS = "iphoneos iphonesimulator macosx xros xrsimulator";
				SWIFT_EMIT_LOC_STRINGS = YES;
				SWIFT_VERSION = 5.0;
				TARGETED_DEVICE_FAMILY = "1,2,7";
				XROS_DEPLOYMENT_TARGET = 2.2;
			};
			name = Debug;
		};
		1EBB55342D2643F500CC2736 /* Release */ = {
			isa = XCBuildConfiguration;
			buildSettings = {
				ASSETCATALOG_COMPILER_APPICON_NAME = AppIcon;
				ASSETCATALOG_COMPILER_GLOBAL_ACCENT_COLOR_NAME = AccentColor;
				CODE_SIGN_ENTITLEMENTS = SwiftUiMultiplatformBaseProject/SwiftUiMultiplatformBaseProject.entitlements;
				CODE_SIGN_STYLE = Automatic;
				CURRENT_PROJECT_VERSION = 1;
				DEVELOPMENT_ASSET_PATHS = "\"SwiftUiMultiplatformBaseProject/Preview Content\"";
				DEVELOPMENT_TEAM = 667WCL23QV;
				ENABLE_HARDENED_RUNTIME = YES;
				ENABLE_PREVIEWS = YES;
				GENERATE_INFOPLIST_FILE = YES;
				"INFOPLIST_KEY_UIApplicationSceneManifest_Generation[sdk=iphoneos*]" = YES;
				"INFOPLIST_KEY_UIApplicationSceneManifest_Generation[sdk=iphonesimulator*]" = YES;
				"INFOPLIST_KEY_UIApplicationSupportsIndirectInputEvents[sdk=iphoneos*]" = YES;
				"INFOPLIST_KEY_UIApplicationSupportsIndirectInputEvents[sdk=iphonesimulator*]" = YES;
				"INFOPLIST_KEY_UILaunchScreen_Generation[sdk=iphoneos*]" = YES;
				"INFOPLIST_KEY_UILaunchScreen_Generation[sdk=iphonesimulator*]" = YES;
				"INFOPLIST_KEY_UIStatusBarStyle[sdk=iphoneos*]" = UIStatusBarStyleDefault;
				"INFOPLIST_KEY_UIStatusBarStyle[sdk=iphonesimulator*]" = UIStatusBarStyleDefault;
				INFOPLIST_KEY_UISupportedInterfaceOrientations_iPad = "UIInterfaceOrientationPortrait UIInterfaceOrientationPortraitUpsideDown UIInterfaceOrientationLandscapeLeft UIInterfaceOrientationLandscapeRight";
				INFOPLIST_KEY_UISupportedInterfaceOrientations_iPhone = "UIInterfaceOrientationPortrait UIInterfaceOrientationLandscapeLeft UIInterfaceOrientationLandscapeRight";
				IPHONEOS_DEPLOYMENT_TARGET = 15.6;
				LD_RUNPATH_SEARCH_PATHS = "@executable_path/Frameworks";
				"LD_RUNPATH_SEARCH_PATHS[sdk=macosx*]" = "@executable_path/../Frameworks";
				MACOSX_DEPLOYMENT_TARGET = 12.4;
				MARKETING_VERSION = 1.0;
				PRODUCT_BUNDLE_IDENTIFIER = com.by.SwiftUiMultiplatformBaseProject;
				PRODUCT_NAME = "$(TARGET_NAME)";
				SDKROOT = auto;
				SUPPORTED_PLATFORMS = "iphoneos iphonesimulator macosx xros xrsimulator";
				SWIFT_EMIT_LOC_STRINGS = YES;
				SWIFT_VERSION = 5.0;
				TARGETED_DEVICE_FAMILY = "1,2,7";
				XROS_DEPLOYMENT_TARGET = 2.2;
			};
			name = Release;
		};
		1EBB55362D2643F500CC2736 /* Debug */ = {
			isa = XCBuildConfiguration;
			buildSettings = {
				BUNDLE_LOADER = "$(TEST_HOST)";
				CODE_SIGN_STYLE = Automatic;
				CURRENT_PROJECT_VERSION = 1;
				DEVELOPMENT_TEAM = 667WCL23QV;
				GENERATE_INFOPLIST_FILE = YES;
				IPHONEOS_DEPLOYMENT_TARGET = 18.2;
				MACOSX_DEPLOYMENT_TARGET = 15.0;
				MARKETING_VERSION = 1.0;
				PRODUCT_BUNDLE_IDENTIFIER = com.by.SwiftUiMultiplatformBaseProjectTests;
				PRODUCT_NAME = "$(TARGET_NAME)";
				SDKROOT = auto;
				SUPPORTED_PLATFORMS = "iphoneos iphonesimulator macosx xros xrsimulator";
				SWIFT_EMIT_LOC_STRINGS = NO;
				SWIFT_VERSION = 5.0;
				TARGETED_DEVICE_FAMILY = "1,2,7";
				TEST_HOST = "$(BUILT_PRODUCTS_DIR)/SwiftUiMultiplatformBaseProject.app/$(BUNDLE_EXECUTABLE_FOLDER_PATH)/SwiftUiMultiplatformBaseProject";
				XROS_DEPLOYMENT_TARGET = 2.2;
			};
			name = Debug;
		};
		1EBB55372D2643F500CC2736 /* Release */ = {
			isa = XCBuildConfiguration;
			buildSettings = {
				BUNDLE_LOADER = "$(TEST_HOST)";
				CODE_SIGN_STYLE = Automatic;
				CURRENT_PROJECT_VERSION = 1;
				DEVELOPMENT_TEAM = 667WCL23QV;
				GENERATE_INFOPLIST_FILE = YES;
				IPHONEOS_DEPLOYMENT_TARGET = 18.2;
				MACOSX_DEPLOYMENT_TARGET = 15.0;
				MARKETING_VERSION = 1.0;
				PRODUCT_BUNDLE_IDENTIFIER = com.by.SwiftUiMultiplatformBaseProjectTests;
				PRODUCT_NAME = "$(TARGET_NAME)";
				SDKROOT = auto;
				SUPPORTED_PLATFORMS = "iphoneos iphonesimulator macosx xros xrsimulator";
				SWIFT_EMIT_LOC_STRINGS = NO;
				SWIFT_VERSION = 5.0;
				TARGETED_DEVICE_FAMILY = "1,2,7";
				TEST_HOST = "$(BUILT_PRODUCTS_DIR)/SwiftUiMultiplatformBaseProject.app/$(BUNDLE_EXECUTABLE_FOLDER_PATH)/SwiftUiMultiplatformBaseProject";
				XROS_DEPLOYMENT_TARGET = 2.2;
			};
			name = Release;
		};
		1EBB55392D2643F500CC2736 /* Debug */ = {
			isa = XCBuildConfiguration;
			buildSettings = {
				CODE_SIGN_STYLE = Automatic;
				CURRENT_PROJECT_VERSION = 1;
				DEVELOPMENT_TEAM = 667WCL23QV;
				GENERATE_INFOPLIST_FILE = YES;
				IPHONEOS_DEPLOYMENT_TARGET = 18.2;
				MACOSX_DEPLOYMENT_TARGET = 15.0;
				MARKETING_VERSION = 1.0;
				PRODUCT_BUNDLE_IDENTIFIER = com.by.SwiftUiMultiplatformBaseProjectUITests;
				PRODUCT_NAME = "$(TARGET_NAME)";
				SDKROOT = auto;
				SUPPORTED_PLATFORMS = "iphoneos iphonesimulator macosx xros xrsimulator";
				SWIFT_EMIT_LOC_STRINGS = NO;
				SWIFT_VERSION = 5.0;
				TARGETED_DEVICE_FAMILY = "1,2,7";
				TEST_TARGET_NAME = SwiftUiMultiplatformBaseProject;
				XROS_DEPLOYMENT_TARGET = 2.2;
			};
			name = Debug;
		};
		1EBB553A2D2643F500CC2736 /* Release */ = {
			isa = XCBuildConfiguration;
			buildSettings = {
				CODE_SIGN_STYLE = Automatic;
				CURRENT_PROJECT_VERSION = 1;
				DEVELOPMENT_TEAM = 667WCL23QV;
				GENERATE_INFOPLIST_FILE = YES;
				IPHONEOS_DEPLOYMENT_TARGET = 18.2;
				MACOSX_DEPLOYMENT_TARGET = 15.0;
				MARKETING_VERSION = 1.0;
				PRODUCT_BUNDLE_IDENTIFIER = com.by.SwiftUiMultiplatformBaseProjectUITests;
				PRODUCT_NAME = "$(TARGET_NAME)";
				SDKROOT = auto;
				SUPPORTED_PLATFORMS = "iphoneos iphonesimulator macosx xros xrsimulator";
				SWIFT_EMIT_LOC_STRINGS = NO;
				SWIFT_VERSION = 5.0;
				TARGETED_DEVICE_FAMILY = "1,2,7";
				TEST_TARGET_NAME = SwiftUiMultiplatformBaseProject;
				XROS_DEPLOYMENT_TARGET = 2.2;
			};
			name = Release;
		};
/* End XCBuildConfiguration section */

/* Begin XCConfigurationList section */
		1EBB55082D2643F300CC2736 /* Build configuration list for PBXProject "SwiftUiMultiplatformBaseProject" */ = {
			isa = XCConfigurationList;
			buildConfigurations = (
				1EBB55302D2643F500CC2736 /* Debug */,
				1EBB55312D2643F500CC2736 /* Release */,
			);
			defaultConfigurationIsVisible = 0;
			defaultConfigurationName = Release;
		};
		1EBB55322D2643F500CC2736 /* Build configuration list for PBXNativeTarget "SwiftUiMultiplatformBaseProject" */ = {
			isa = XCConfigurationList;
			buildConfigurations = (
				1EBB55332D2643F500CC2736 /* Debug */,
				1EBB55342D2643F500CC2736 /* Release */,
			);
			defaultConfigurationIsVisible = 0;
			defaultConfigurationName = Release;
		};
		1EBB55352D2643F500CC2736 /* Build configuration list for PBXNativeTarget "SwiftUiMultiplatformBaseProjectTests" */ = {
			isa = XCConfigurationList;
			buildConfigurations = (
				1EBB55362D2643F500CC2736 /* Debug */,
				1EBB55372D2643F500CC2736 /* Release */,
			);
			defaultConfigurationIsVisible = 0;
			defaultConfigurationName = Release;
		};
		1EBB55382D2643F500CC2736 /* Build configuration list for PBXNativeTarget "SwiftUiMultiplatformBaseProjectUITests" */ = {
			isa = XCConfigurationList;
			buildConfigurations = (
				1EBB55392D2643F500CC2736 /* Debug */,
				1EBB553A2D2643F500CC2736 /* Release */,
			);
			defaultConfigurationIsVisible = 0;
			defaultConfigurationName = Release;
		};
/* End XCConfigurationList section */
	};
	rootObject = 1EBB55052D2643F300CC2736 /* Project object */;
}
